
Microsoft Visual Studio Solution File, Format Version 12.00
# Visual Studio Version 16
VisualStudioVersion = 16.0.30907.101
MinimumVisualStudioVersion = 10.0.40219.1
Project("{FAE04EC0-301F-11D3-BF4B-00C04F79EFBC}") = "JSBookShelf", "JSBookShelf\JSBookShelf.csproj", "{484E824A-FF26-40B7-90D9-1448C561A13F}"
EndProject
Global
	GlobalSection(SolutionConfigurationPlatforms) = preSolution
		Debug|Any CPU = Debug|Any CPU
		Release|Any CPU = Release|Any CPU
	EndGlobalSection
	GlobalSection(ProjectConfigurationPlatforms) = postSolution
		{484E824A-FF26-40B7-90D9-1448C561A13F}.Debug|Any CPU.ActiveCfg = Debug|Any CPU
		{484E824A-FF26-40B7-90D9-1448C561A13F}.Debug|Any CPU.Build.0 = Debug|Any CPU
		{484E824A-FF26-40B7-90D9-1448C561A13F}.Release|Any CPU.ActiveCfg = Release|Any CPU
		{484E824A-FF26-40B7-90D9-1448C561A13F}.Release|Any CPU.Build.0 = Release|Any CPU
	EndGlobalSection
	GlobalSection(SolutionProperties) = preSolution
		HideSolutionNode = FALSE
	EndGlobalSection
	GlobalSection(ExtensibilityGlobals) = postSolution
		SolutionGuid = {FCE9A08F-A67D-438C-BCF2-6882EDC201DF}
	EndGlobalSection
EndGlobal
